
Microsoft Visual Studio Solution File, Format Version 12.00
# Visual Studio Version 17
VisualStudioVersion = 17.0.31903.59
MinimumVisualStudioVersion = 10.0.40219.1
Project("{FAE04EC0-301F-11D3-BF4B-00C04F79EFBC}") = "day01", "day01\day01.csproj", "{1811963B-747B-44C7-AF50-B8255AAD6209}"
EndProject
Project("{FAE04EC0-301F-11D3-BF4B-00C04F79EFBC}") = "day02", "day02\day02.csproj", "{70327CF3-5D65-47B0-8408-3A9A4CC4C737}"
EndProject
Project("{FAE04EC0-301F-11D3-BF4B-00C04F79EFBC}") = "day03", "day03\day03.csproj", "{0079B096-7D6D-41DE-A46E-3E9BFD2888EA}"
EndProject
Project("{FAE04EC0-301F-11D3-BF4B-00C04F79EFBC}") = "day04", "day04\day04.csproj", "{D105284D-7FE9-4F50-94F0-633E2D1E1125}"
EndProject
Project("{FAE04EC0-301F-11D3-BF4B-00C04F79EFBC}") = "day05", "day05\day05.csproj", "{44D58979-1FA6-4BA6-9784-D225C57B3245}"
EndProject
Project("{FAE04EC0-301F-11D3-BF4B-00C04F79EFBC}") = "day06", "day06\day06.csproj", "{49740065-54E9-4F33-BAD6-F966CC1A9EF9}"
EndProject
Project("{FAE04EC0-301F-11D3-BF4B-00C04F79EFBC}") = "day07", "day07\day07.csproj", "{AA538A6B-E7C9-4C31-8853-E3C3DD1A0087}"
EndProject
Project("{FAE04EC0-301F-11D3-BF4B-00C04F79EFBC}") = "day08", "day08\day08.csproj", "{2B814411-7850-4BCD-8B1A-0FEE2F00BAEE}"
EndProject
Project("{FAE04EC0-301F-11D3-BF4B-00C04F79EFBC}") = "day09", "day09\day09.csproj", "{D704F34E-229E-4F96-AF1E-238868C2FEE1}"
EndProject
Project("{FAE04EC0-301F-11D3-BF4B-00C04F79EFBC}") = "day10", "day10\day10.csproj", "{04426115-F531-425E-B1AF-F6B1919C33BC}"
EndProject
Project("{FAE04EC0-301F-11D3-BF4B-00C04F79EFBC}") = "day11", "day11\day11.csproj", "{A516CA30-95E6-422B-A23C-00E9A02EEAF4}"
EndProject
Project("{FAE04EC0-301F-11D3-BF4B-00C04F79EFBC}") = "day12", "day12\day12.csproj", "{94170F61-9FD0-4B83-B49A-B54834A0D56D}"
EndProject
Project("{FAE04EC0-301F-11D3-BF4B-00C04F79EFBC}") = "day13", "day13\day13.csproj", "{5A5F96AF-8E99-4B67-A890-6D81D856A537}"
EndProject
Project("{FAE04EC0-301F-11D3-BF4B-00C04F79EFBC}") = "day14", "day14\day14.csproj", "{78004856-D0F0-47BF-BAD6-E944337CE080}"
EndProject
Project("{FAE04EC0-301F-11D3-BF4B-00C04F79EFBC}") = "day15", "day15\day15.csproj", "{A2E54035-77C6-4BF1-9BC7-290F8D57414F}"
EndProject
Project("{FAE04EC0-301F-11D3-BF4B-00C04F79EFBC}") = "day16", "day16\day16.csproj", "{26430C39-6E06-4955-AFEA-D003BC5E95F2}"
EndProject
Project("{FAE04EC0-301F-11D3-BF4B-00C04F79EFBC}") = "day17", "day17\day17.csproj", "{8AD1C82D-0B29-46E4-AAA1-D9E55DA8327B}"
EndProject
Project("{FAE04EC0-301F-11D3-BF4B-00C04F79EFBC}") = "day18", "day18\day18.csproj", "{F1A0C790-C0C9-4584-9417-3A243901C90C}"
EndProject
Project("{FAE04EC0-301F-11D3-BF4B-00C04F79EFBC}") = "day19", "day19\day19.csproj", "{EE3937AD-6A02-4095-92A7-5548F9273287}"
EndProject
Project("{FAE04EC0-301F-11D3-BF4B-00C04F79EFBC}") = "day20", "day20\day20.csproj", "{284D8793-BC3A-446F-8398-25EC9B05EF9C}"
EndProject
Global
	GlobalSection(SolutionConfigurationPlatforms) = preSolution
		Debug|Any CPU = Debug|Any CPU
		Release|Any CPU = Release|Any CPU
	EndGlobalSection
	GlobalSection(SolutionProperties) = preSolution
		HideSolutionNode = FALSE
	EndGlobalSection
	GlobalSection(ProjectConfigurationPlatforms) = postSolution
		{1811963B-747B-44C7-AF50-B8255AAD6209}.Debug|Any CPU.ActiveCfg = Debug|Any CPU
		{1811963B-747B-44C7-AF50-B8255AAD6209}.Debug|Any CPU.Build.0 = Debug|Any CPU
		{1811963B-747B-44C7-AF50-B8255AAD6209}.Release|Any CPU.ActiveCfg = Release|Any CPU
		{1811963B-747B-44C7-AF50-B8255AAD6209}.Release|Any CPU.Build.0 = Release|Any CPU
		{70327CF3-5D65-47B0-8408-3A9A4CC4C737}.Debug|Any CPU.ActiveCfg = Debug|Any CPU
		{70327CF3-5D65-47B0-8408-3A9A4CC4C737}.Debug|Any CPU.Build.0 = Debug|Any CPU
		{70327CF3-5D65-47B0-8408-3A9A4CC4C737}.Release|Any CPU.ActiveCfg = Release|Any CPU
		{70327CF3-5D65-47B0-8408-3A9A4CC4C737}.Release|Any CPU.Build.0 = Release|Any CPU
		{0079B096-7D6D-41DE-A46E-3E9BFD2888EA}.Debug|Any CPU.ActiveCfg = Debug|Any CPU
		{0079B096-7D6D-41DE-A46E-3E9BFD2888EA}.Debug|Any CPU.Build.0 = Debug|Any CPU
		{0079B096-7D6D-41DE-A46E-3E9BFD2888EA}.Release|Any CPU.ActiveCfg = Release|Any CPU
		{0079B096-7D6D-41DE-A46E-3E9BFD2888EA}.Release|Any CPU.Build.0 = Release|Any CPU
		{D105284D-7FE9-4F50-94F0-633E2D1E1125}.Debug|Any CPU.ActiveCfg = Debug|Any CPU
		{D105284D-7FE9-4F50-94F0-633E2D1E1125}.Debug|Any CPU.Build.0 = Debug|Any CPU
		{D105284D-7FE9-4F50-94F0-633E2D1E1125}.Release|Any CPU.ActiveCfg = Release|Any CPU
		{D105284D-7FE9-4F50-94F0-633E2D1E1125}.Release|Any CPU.Build.0 = Release|Any CPU
		{44D58979-1FA6-4BA6-9784-D225C57B3245}.Debug|Any CPU.ActiveCfg = Debug|Any CPU
		{44D58979-1FA6-4BA6-9784-D225C57B3245}.Debug|Any CPU.Build.0 = Debug|Any CPU
		{44D58979-1FA6-4BA6-9784-D225C57B3245}.Release|Any CPU.ActiveCfg = Release|Any CPU
		{44D58979-1FA6-4BA6-9784-D225C57B3245}.Release|Any CPU.Build.0 = Release|Any CPU
		{49740065-54E9-4F33-BAD6-F966CC1A9EF9}.Debug|Any CPU.ActiveCfg = Debug|Any CPU
		{49740065-54E9-4F33-BAD6-F966CC1A9EF9}.Debug|Any CPU.Build.0 = Debug|Any CPU
		{49740065-54E9-4F33-BAD6-F966CC1A9EF9}.Release|Any CPU.ActiveCfg = Release|Any CPU
		{49740065-54E9-4F33-BAD6-F966CC1A9EF9}.Release|Any CPU.Build.0 = Release|Any CPU
		{AA538A6B-E7C9-4C31-8853-E3C3DD1A0087}.Debug|Any CPU.ActiveCfg = Debug|Any CPU
		{AA538A6B-E7C9-4C31-8853-E3C3DD1A0087}.Debug|Any CPU.Build.0 = Debug|Any CPU
		{AA538A6B-E7C9-4C31-8853-E3C3DD1A0087}.Release|Any CPU.ActiveCfg = Release|Any CPU
		{AA538A6B-E7C9-4C31-8853-E3C3DD1A0087}.Release|Any CPU.Build.0 = Release|Any CPU
		{2B814411-7850-4BCD-8B1A-0FEE2F00BAEE}.Debug|Any CPU.ActiveCfg = Debug|Any CPU
		{2B814411-7850-4BCD-8B1A-0FEE2F00BAEE}.Debug|Any CPU.Build.0 = Debug|Any CPU
		{2B814411-7850-4BCD-8B1A-0FEE2F00BAEE}.Release|Any CPU.ActiveCfg = Release|Any CPU
		{2B814411-7850-4BCD-8B1A-0FEE2F00BAEE}.Release|Any CPU.Build.0 = Release|Any CPU
		{D704F34E-229E-4F96-AF1E-238868C2FEE1}.Debug|Any CPU.ActiveCfg = Debug|Any CPU
		{D704F34E-229E-4F96-AF1E-238868C2FEE1}.Debug|Any CPU.Build.0 = Debug|Any CPU
		{D704F34E-229E-4F96-AF1E-238868C2FEE1}.Release|Any CPU.ActiveCfg = Release|Any CPU
		{D704F34E-229E-4F96-AF1E-238868C2FEE1}.Release|Any CPU.Build.0 = Release|Any CPU
		{04426115-F531-425E-B1AF-F6B1919C33BC}.Debug|Any CPU.ActiveCfg = Debug|Any CPU
		{04426115-F531-425E-B1AF-F6B1919C33BC}.Debug|Any CPU.Build.0 = Debug|Any CPU
		{04426115-F531-425E-B1AF-F6B1919C33BC}.Release|Any CPU.ActiveCfg = Release|Any CPU
		{04426115-F531-425E-B1AF-F6B1919C33BC}.Release|Any CPU.Build.0 = Release|Any CPU
		{A516CA30-95E6-422B-A23C-00E9A02EEAF4}.Debug|Any CPU.ActiveCfg = Debug|Any CPU
		{A516CA30-95E6-422B-A23C-00E9A02EEAF4}.Debug|Any CPU.Build.0 = Debug|Any CPU
		{A516CA30-95E6-422B-A23C-00E9A02EEAF4}.Release|Any CPU.ActiveCfg = Release|Any CPU
		{A516CA30-95E6-422B-A23C-00E9A02EEAF4}.Release|Any CPU.Build.0 = Release|Any CPU
		{94170F61-9FD0-4B83-B49A-B54834A0D56D}.Debug|Any CPU.ActiveCfg = Debug|Any CPU
		{94170F61-9FD0-4B83-B49A-B54834A0D56D}.Debug|Any CPU.Build.0 = Debug|Any CPU
		{94170F61-9FD0-4B83-B49A-B54834A0D56D}.Release|Any CPU.ActiveCfg = Release|Any CPU
		{94170F61-9FD0-4B83-B49A-B54834A0D56D}.Release|Any CPU.Build.0 = Release|Any CPU
		{5A5F96AF-8E99-4B67-A890-6D81D856A537}.Debug|Any CPU.ActiveCfg = Debug|Any CPU
		{5A5F96AF-8E99-4B67-A890-6D81D856A537}.Debug|Any CPU.Build.0 = Debug|Any CPU
		{5A5F96AF-8E99-4B67-A890-6D81D856A537}.Release|Any CPU.ActiveCfg = Release|Any CPU
		{5A5F96AF-8E99-4B67-A890-6D81D856A537}.Release|Any CPU.Build.0 = Release|Any CPU
		{78004856-D0F0-47BF-BAD6-E944337CE080}.Debug|Any CPU.ActiveCfg = Debug|Any CPU
		{78004856-D0F0-47BF-BAD6-E944337CE080}.Debug|Any CPU.Build.0 = Debug|Any CPU
		{78004856-D0F0-47BF-BAD6-E944337CE080}.Release|Any CPU.ActiveCfg = Release|Any CPU
		{78004856-D0F0-47BF-BAD6-E944337CE080}.Release|Any CPU.Build.0 = Release|Any CPU
		{A2E54035-77C6-4BF1-9BC7-290F8D57414F}.Debug|Any CPU.ActiveCfg = Debug|Any CPU
		{A2E54035-77C6-4BF1-9BC7-290F8D57414F}.Debug|Any CPU.Build.0 = Debug|Any CPU
		{A2E54035-77C6-4BF1-9BC7-290F8D57414F}.Release|Any CPU.ActiveCfg = Release|Any CPU
		{A2E54035-77C6-4BF1-9BC7-290F8D57414F}.Release|Any CPU.Build.0 = Release|Any CPU
		{26430C39-6E06-4955-AFEA-D003BC5E95F2}.Debug|Any CPU.ActiveCfg = Debug|Any CPU
		{26430C39-6E06-4955-AFEA-D003BC5E95F2}.Debug|Any CPU.Build.0 = Debug|Any CPU
		{26430C39-6E06-4955-AFEA-D003BC5E95F2}.Release|Any CPU.ActiveCfg = Release|Any CPU
		{26430C39-6E06-4955-AFEA-D003BC5E95F2}.Release|Any CPU.Build.0 = Release|Any CPU
		{8AD1C82D-0B29-46E4-AAA1-D9E55DA8327B}.Debug|Any CPU.ActiveCfg = Debug|Any CPU
		{8AD1C82D-0B29-46E4-AAA1-D9E55DA8327B}.Debug|Any CPU.Build.0 = Debug|Any CPU
		{8AD1C82D-0B29-46E4-AAA1-D9E55DA8327B}.Release|Any CPU.ActiveCfg = Release|Any CPU
		{8AD1C82D-0B29-46E4-AAA1-D9E55DA8327B}.Release|Any CPU.Build.0 = Release|Any CPU
		{F1A0C790-C0C9-4584-9417-3A243901C90C}.Debug|Any CPU.ActiveCfg = Debug|Any CPU
		{F1A0C790-C0C9-4584-9417-3A243901C90C}.Debug|Any CPU.Build.0 = Debug|Any CPU
		{F1A0C790-C0C9-4584-9417-3A243901C90C}.Release|Any CPU.ActiveCfg = Release|Any CPU
		{F1A0C790-C0C9-4584-9417-3A243901C90C}.Release|Any CPU.Build.0 = Release|Any CPU
		{EE3937AD-6A02-4095-92A7-5548F9273287}.Debug|Any CPU.ActiveCfg = Debug|Any CPU
		{EE3937AD-6A02-4095-92A7-5548F9273287}.Debug|Any CPU.Build.0 = Debug|Any CPU
		{EE3937AD-6A02-4095-92A7-5548F9273287}.Release|Any CPU.ActiveCfg = Release|Any CPU
		{EE3937AD-6A02-4095-92A7-5548F9273287}.Release|Any CPU.Build.0 = Release|Any CPU
		{284D8793-BC3A-446F-8398-25EC9B05EF9C}.Debug|Any CPU.ActiveCfg = Debug|Any CPU
		{284D8793-BC3A-446F-8398-25EC9B05EF9C}.Debug|Any CPU.Build.0 = Debug|Any CPU
		{284D8793-BC3A-446F-8398-25EC9B05EF9C}.Release|Any CPU.ActiveCfg = Release|Any CPU
		{284D8793-BC3A-446F-8398-25EC9B05EF9C}.Release|Any CPU.Build.0 = Release|Any CPU
	EndGlobalSection
EndGlobal
