
Microsoft Visual Studio Solution File, Format Version 12.00
# Visual Studio Version 17
VisualStudioVersion = 17.0.31903.59
MinimumVisualStudioVersion = 10.0.40219.1
Project("{FAE04EC0-301F-11D3-BF4B-00C04F79EFBC}") = "day1", "day1\day1.csproj", "{1811963B-747B-44C7-AF50-B8255AAD6209}"
EndProject
Project("{FAE04EC0-301F-11D3-BF4B-00C04F79EFBC}") = "day2", "day2\day2.csproj", "{70327CF3-5D65-47B0-8408-3A9A4CC4C737}"
EndProject
Project("{FAE04EC0-301F-11D3-BF4B-00C04F79EFBC}") = "day3", "day3\day3.csproj", "{0079B096-7D6D-41DE-A46E-3E9BFD2888EA}"
EndProject
Global
	GlobalSection(SolutionConfigurationPlatforms) = preSolution
		Debug|Any CPU = Debug|Any CPU
		Release|Any CPU = Release|Any CPU
	EndGlobalSection
	GlobalSection(SolutionProperties) = preSolution
		HideSolutionNode = FALSE
	EndGlobalSection
	GlobalSection(ProjectConfigurationPlatforms) = postSolution
		{1811963B-747B-44C7-AF50-B8255AAD6209}.Debug|Any CPU.ActiveCfg = Debug|Any CPU
		{1811963B-747B-44C7-AF50-B8255AAD6209}.Debug|Any CPU.Build.0 = Debug|Any CPU
		{1811963B-747B-44C7-AF50-B8255AAD6209}.Release|Any CPU.ActiveCfg = Release|Any CPU
		{1811963B-747B-44C7-AF50-B8255AAD6209}.Release|Any CPU.Build.0 = Release|Any CPU
		{70327CF3-5D65-47B0-8408-3A9A4CC4C737}.Debug|Any CPU.ActiveCfg = Debug|Any CPU
		{70327CF3-5D65-47B0-8408-3A9A4CC4C737}.Debug|Any CPU.Build.0 = Debug|Any CPU
		{70327CF3-5D65-47B0-8408-3A9A4CC4C737}.Release|Any CPU.ActiveCfg = Release|Any CPU
		{70327CF3-5D65-47B0-8408-3A9A4CC4C737}.Release|Any CPU.Build.0 = Release|Any CPU
		{0079B096-7D6D-41DE-A46E-3E9BFD2888EA}.Debug|Any CPU.ActiveCfg = Debug|Any CPU
		{0079B096-7D6D-41DE-A46E-3E9BFD2888EA}.Debug|Any CPU.Build.0 = Debug|Any CPU
		{0079B096-7D6D-41DE-A46E-3E9BFD2888EA}.Release|Any CPU.ActiveCfg = Release|Any CPU
		{0079B096-7D6D-41DE-A46E-3E9BFD2888EA}.Release|Any CPU.Build.0 = Release|Any CPU
	EndGlobalSection
EndGlobal
